schema: '2.0'
stages:
  analyze-local-geometry-impact:
    cmd: calkit xenv -n main --no-check -- 
      "scripts/analysis_local_geometry_impact.jl"
    deps:
    - path: .calkit/envs/main/Manifest.toml
      hash: md5
      md5: f053a8db8375d9886430ab4024d9e9eb
      size: 186
    - path: scripts/analysis_local_geometry_impact.jl
      hash: md5
      md5: 8d0e7a6ca5cdece8a8edb38f1bba9c64
      size: 16383
    outs:
    - path: results/analysis_local_geometry_impact.md
      hash: md5
      md5: ccc982384837e89e866fefd11def6c3a
      size: 4351
  benchmark-local-geometry-impact:
    cmd: calkit slurm batch --name benchmark-local-geometry-impact --environment
      clima --dep scripts/benchmark_local_geometry_impact.jl --dep 
      ClimaCore.jl/.buildkite/Manifest.toml --dep ClimaCore.jl/src --dep 
      ClimaCore.jl/ext --out results/benchmark_local_geometry_impact.md -s 
      --gpus=1 -s --time=30 -- scripts/run_benchmark_slurm.sh
    deps:
    - path: ClimaCore.jl/.buildkite/Manifest.toml
      hash: md5
      md5: 20fd144ed1c5d9c03d65fc81f2cacd26
      size: 104332
    - path: ClimaCore.jl/ext
      hash: md5
      md5: 6ac8e4573960baeb9bcce5de9dde65e6.dir
      size: 199576
      nfiles: 25
    - path: ClimaCore.jl/src
      hash: md5
      md5: 28e74e8728bbd5c032e64a54823d2c6e.dir
      size: 1189678
      nfiles: 98
    - path: scripts/benchmark_local_geometry_impact.jl
      hash: md5
      md5: cace692e84955fe1bfe8d85cba9c8f7f
      size: 44703
    - path: scripts/run_benchmark_slurm.sh
      hash: md5
      md5: bae0f1e55c355f6d14b76c5a76d00f02
      size: 1800
      isexec: true
    outs:
    - path: .calkit/slurm/logs/benchmark-local-geometry-impact.out
      hash: md5
      md5: 232d52d92be962ef929dc146d2ba60b7
      size: 21929
    - path: results/benchmark_local_geometry_impact.md
      hash: md5
      md5: 8ea98330cdd061d8c01953fe2a122210
      size: 2879
  amip-mod:
    cmd: calkit slurm batch --name amip-mod --environment clima --dep 
      config/climaatmos_progedmf_1m.yml --dep scripts/run_progedmf_1m.jl --dep 
      ClimaAtmos.jl-mod/.buildkite/Manifest-v1.11.toml --dep 
      ClimaAtmos.jl-mod/src -s --gpus=1 -s --time=120 -- 
      scripts/run-julia-script.sh --project=ClimaAtmos.jl-mod/.buildkite 
      scripts/run_progedmf_1m.jl
    deps:
    - path: ClimaAtmos.jl-mod/.buildkite/Manifest-v1.11.toml
      hash: md5
      md5: 2dc2058f67717dda21ea640b6d345627
      size: 116761
    - path: ClimaAtmos.jl-mod/src
      hash: md5
      md5: 6ca1e9d96386bf600c02df03ba356605.dir
      size: 1508575
      nfiles: 108
    - path: config/climaatmos_progedmf_1m.yml
      hash: md5
      md5: 6b44ef8fd381d2127ee1b668b2e850a7
      size: 1219
    - path: scripts/run-julia-script.sh
      hash: md5
      md5: c982c866ef1cd9cab26d7c5b78a4224b
      size: 560
    - path: scripts/run_progedmf_1m.jl
      hash: md5
      md5: 0a8ef250f4638e4e4567145c2a2deee8
      size: 1493
    outs:
    - path: .calkit/slurm/logs/amip-mod.out
      hash: md5
      md5: 77eb6ffb55b82cd215f85d4274c5dab7
      size: 20378
  amip-baseline:
    cmd: calkit slurm batch --name amip-baseline --environment clima --dep 
      config/climaatmos_progedmf_1m.yml --dep scripts/run_progedmf_1m.jl --dep 
      ClimaAtmos.jl/.buildkite/Manifest-v1.11.toml --dep ClimaAtmos.jl/src -s 
      --gpus=1 -s --time=120 -- scripts/run-julia-script.sh 
      --project=ClimaAtmos.jl/.buildkite scripts/run_progedmf_1m.jl
    deps:
    - path: ClimaAtmos.jl/.buildkite/Manifest-v1.11.toml
      hash: md5
      md5: 2e6cb99928e2039b62196b60b14fd5ab
      size: 116426
    - path: ClimaAtmos.jl/src
      hash: md5
      md5: 3ef24854f0493ca260f6a80aee1e78c7.dir
      size: 1508238
      nfiles: 108
    - path: config/climaatmos_progedmf_1m.yml
      hash: md5
      md5: 6b44ef8fd381d2127ee1b668b2e850a7
      size: 1219
    - path: scripts/run-julia-script.sh
      hash: md5
      md5: c982c866ef1cd9cab26d7c5b78a4224b
      size: 560
    - path: scripts/run_progedmf_1m.jl
      hash: md5
      md5: 0a8ef250f4638e4e4567145c2a2deee8
      size: 1493
    outs:
    - path: .calkit/slurm/logs/amip-baseline.out
      hash: md5
      md5: ff018b98f685252d0f65667c0d692557
      size: 19215
  analyze-logs:
    cmd: calkit nb execute --environment py --no-check --to html 
      "notebooks/analyze-logs.ipynb"
    deps:
    - path: .calkit/envs/py/uv.lock
      hash: md5
      md5: 0882eaf66a48e31088a716a1d1bc8aa8
      size: 98212
    - path: .calkit/notebooks/cleaned/notebooks/analyze-logs.ipynb
      hash: md5
      md5: 02757473dab04aa9507bdae9b4fbdf6e
      size: 2347
    - path: .calkit/slurm/logs/amip-baseline.out
      hash: md5
      md5: ff018b98f685252d0f65667c0d692557
      size: 19215
    - path: .calkit/slurm/logs/amip-mod.out
      hash: md5
      md5: 77eb6ffb55b82cd215f85d4274c5dab7
      size: 20378
    outs:
    - path: .calkit/notebooks/executed/notebooks/analyze-logs.ipynb
      hash: md5
      md5: 2a875a3f4efbc648d68b4b9af4167512
      size: 47773
    - path: .calkit/notebooks/html/notebooks/analyze-logs.html
      hash: md5
      md5: 0f506366a0b20398e7cc104913b6056c
      size: 329163
    - path: figures/sypd-time-series.png
      hash: md5
      md5: f46e259885c103f2011b5b7ed55775e2
      size: 33027
  nsys-baseline:
    cmd: calkit slurm batch --name nsys-baseline --environment clima --dep 
      ClimaAtmos.jl/.buildkite/Manifest-v1.11.toml --dep ClimaAtmos.jl/src --dep
      config/climaatmos_progedmf_1m.yml --dep 
      ClimaAtmos.jl/perf/benchmark_step.jl --out results/nsys/baseline.nsys-rep 
      --out results/nsys/baseline.sqlite -s --gpus=1 -s --time=120 -- 
      scripts/run-nsys.sh --output=results/nsys/baseline julia 
      --project=ClimaAtmos.jl/.buildkite ClimaAtmos.jl/perf/benchmark_step.jl 
      --config_file=config/climaatmos_progedmf_1m.yml
    deps:
    - path: ClimaAtmos.jl/.buildkite/Manifest-v1.11.toml
      hash: md5
      md5: 2e6cb99928e2039b62196b60b14fd5ab
      size: 116426
    - path: ClimaAtmos.jl/perf/benchmark_step.jl
      hash: md5
      md5: e4e56e0353b6c5130c4e3fc03082c211
      size: 2082
    - path: ClimaAtmos.jl/src
      hash: md5
      md5: 3ef24854f0493ca260f6a80aee1e78c7.dir
      size: 1508238
      nfiles: 108
    - path: config/climaatmos_progedmf_1m.yml
      hash: md5
      md5: 6b44ef8fd381d2127ee1b668b2e850a7
      size: 1219
    - path: scripts/run-nsys.sh
      hash: md5
      md5: c83d8939e62284ff1cff8ea8253de4ac
      size: 1692
    outs:
    - path: .calkit/slurm/logs/nsys-baseline.out
      hash: md5
      md5: aa61531c18f488de115fab8d6017fb0f
      size: 85224
    - path: results/nsys/baseline.nsys-rep
      hash: md5
      md5: 8c0fe283ad140848a354c13d58316ad3
      size: 23759072
    - path: results/nsys/baseline.sqlite
      hash: md5
      md5: cee62866d065ef8d192cd83a13c97409
      size: 49852416
  nsys-mod:
    cmd: calkit slurm batch --name nsys-mod --environment clima --dep 
      ClimaAtmos.jl-mod/.buildkite/Manifest-v1.11.toml --dep 
      ClimaAtmos.jl-mod/src --dep config/climaatmos_progedmf_1m.yml --dep 
      ClimaAtmos.jl-mod/perf/benchmark_step.jl --out results/nsys/mod.nsys-rep 
      --out results/nsys/mod.sqlite -s --gpus=1 -s --time=120 -- 
      scripts/run-nsys.sh --output=results/nsys/mod julia 
      --project=ClimaAtmos.jl-mod/.buildkite 
      ClimaAtmos.jl-mod/perf/benchmark_step.jl 
      --config_file=config/climaatmos_progedmf_1m.yml
    deps:
    - path: ClimaAtmos.jl-mod/.buildkite/Manifest-v1.11.toml
      hash: md5
      md5: 2dc2058f67717dda21ea640b6d345627
      size: 116761
    - path: ClimaAtmos.jl-mod/perf/benchmark_step.jl
      hash: md5
      md5: e4e56e0353b6c5130c4e3fc03082c211
      size: 2082
    - path: ClimaAtmos.jl-mod/src
      hash: md5
      md5: 6ca1e9d96386bf600c02df03ba356605.dir
      size: 1508575
      nfiles: 108
    - path: config/climaatmos_progedmf_1m.yml
      hash: md5
      md5: 6b44ef8fd381d2127ee1b668b2e850a7
      size: 1219
    - path: scripts/run-nsys.sh
      hash: md5
      md5: c83d8939e62284ff1cff8ea8253de4ac
      size: 1692
    outs:
    - path: .calkit/slurm/logs/nsys-mod.out
      hash: md5
      md5: 899512e6bdc066ae92927c18b7a594c9
      size: 88766
    - path: results/nsys/mod.nsys-rep
      hash: md5
      md5: cc8e9060d807d09054c7fc95c1ea5655
      size: 23785038
    - path: results/nsys/mod.sqlite
      hash: md5
      md5: 52affa618d4475e40b618013ec06d1a7
      size: 49311744
  compare-kernels:
    cmd: calkit nb execute --environment py --no-check --to html 
      "notebooks/compare-kernels.ipynb"
    deps:
    - path: .calkit/envs/py/uv.lock
      hash: md5
      md5: 0882eaf66a48e31088a716a1d1bc8aa8
      size: 98212
    - path: .calkit/notebooks/cleaned/notebooks/compare-kernels.ipynb
      hash: md5
      md5: 07a8dd133cb6eafb7c6f52de0246df09
      size: 38763
    - path: results/nsys/baseline.sqlite
      hash: md5
      md5: cee62866d065ef8d192cd83a13c97409
      size: 49852416
    - path: results/nsys/mod.sqlite
      hash: md5
      md5: 52affa618d4475e40b618013ec06d1a7
      size: 49311744
    outs:
    - path: .calkit/notebooks/executed/notebooks/compare-kernels.ipynb
      hash: md5
      md5: 75e45034f7b31fc26b765d66703a51d0
      size: 54998
    - path: .calkit/notebooks/html/notebooks/compare-kernels.html
      hash: md5
      md5: 2a89ac9bf7a4f8fe39c5cefebbe694ea
      size: 405646
  sync-atmos-mod-core:
    cmd: ' bash --noprofile --norc scripts/sync-atmos-mod-core.sh'
    deps:
    - path: ClimaCore.jl/ext
      hash: md5
      md5: 6ac8e4573960baeb9bcce5de9dde65e6.dir
      size: 199576
      nfiles: 25
    - path: ClimaCore.jl/lib
      hash: md5
      md5: 5c8d819896714d4c699a816a70872cef.dir
      size: 316792
      nfiles: 58
    - path: ClimaCore.jl/src
      hash: md5
      md5: 28e74e8728bbd5c032e64a54823d2c6e.dir
      size: 1189678
      nfiles: 98
    - path: scripts/sync-atmos-mod-core.sh
      hash: md5
      md5: 261698988e9ad35362013216a81944d0
      size: 583
      isexec: true
  benchmark-notebook:
    cmd: calkit slurm batch --name benchmark-notebook --environment clima --dep 
      .calkit/notebooks/cleaned/notebooks/benchmark-localgeom.ipynb --dep 
      .calkit/envs/main/Manifest.toml --out 
      .calkit/notebooks/executed/notebooks/benchmark-localgeom.ipynb --out 
      .calkit/notebooks/html/notebooks/benchmark-localgeom.html -s --gpus=1 -s 
      --time=15 --command -- calkit nb execute --environment main --no-check 
      --to html "notebooks/benchmark-localgeom.ipynb"
    deps:
    - path: .calkit/envs/main/Manifest.toml
      hash: md5
      md5: 0f5fc719e0d6ba41ae351006e8f5c645
      size: 107403
    - path: .calkit/notebooks/cleaned/notebooks/benchmark-localgeom.ipynb
      hash: md5
      md5: fecee87ae7cb5b4ef7df9480b1a452ba
      size: 73024
    outs:
    - path: .calkit/notebooks/executed/notebooks/benchmark-localgeom.ipynb
      hash: md5
      md5: 10a7f348dbaaaccc34bd4262c4648f5b
      size: 122334
    - path: .calkit/notebooks/html/notebooks/benchmark-localgeom.html
      hash: md5
      md5: d14e257fd1f54d37b4edbc4dde6afd62
      size: 628632
  benchmark-notebook-tr:
    cmd: calkit slurm batch --name benchmark-notebook-tr --environment clima 
      --dep .calkit/notebooks/cleaned/notebooks/benchmark-localgeom-tr.ipynb 
      --dep .calkit/envs/main/Manifest.toml --out 
      .calkit/notebooks/executed/notebooks/benchmark-localgeom-tr.ipynb --out 
      .calkit/notebooks/html/notebooks/benchmark-localgeom-tr.html -s --gpus=1 
      -s --time=30 --command -- calkit nb execute --environment main --no-check 
      --to html "notebooks/benchmark-localgeom-tr.ipynb"
    deps:
    - path: .calkit/envs/main/Manifest.toml
      hash: md5
      md5: 0f5fc719e0d6ba41ae351006e8f5c645
      size: 107403
    - path: .calkit/notebooks/cleaned/notebooks/benchmark-localgeom-tr.ipynb
      hash: md5
      md5: 3f1f1cbf5439769e86485a2eb965a280
      size: 18022
    outs:
    - path: .calkit/notebooks/executed/notebooks/benchmark-localgeom-tr.ipynb
      hash: md5
      md5: d160eecb3c91edef61af273f9ab23271
      size: 61585
    - path: .calkit/notebooks/html/notebooks/benchmark-localgeom-tr.html
      hash: md5
      md5: c1c3d6648f842551c0eb7e4a908643b2
      size: 410230
