schema: '2.0'
stages:
  nsys-baseline:
    cmd: calkit slurm batch --name nsys-baseline --environment clima --dep 
      ClimaAtmos.jl/.buildkite/Manifest-v1.11.toml --dep ClimaAtmos.jl/src --dep
      config/climaatmos_progedmf_1m.yml --dep 
      ClimaAtmos.jl/perf/benchmark_step.jl --out results/nsys/baseline.nsys-rep 
      --out results/nsys/baseline.sqlite -s --gpus=1 -s --time=120 -- 
      scripts/run-nsys.sh --output=results/nsys/baseline julia 
      --project=ClimaAtmos.jl/.buildkite ClimaAtmos.jl/perf/benchmark_step.jl 
      --config_file=config/climaatmos_progedmf_1m.yml
    deps:
    - path: ClimaAtmos.jl/.buildkite/Manifest-v1.11.toml
      hash: md5
      md5: 9b692a737555e739d3c4f38d6e08d6b8
      size: 111693
    - path: ClimaAtmos.jl/perf/benchmark_step.jl
      hash: md5
      md5: e4e56e0353b6c5130c4e3fc03082c211
      size: 2082
    - path: ClimaAtmos.jl/src
      hash: md5
      md5: 97808e245a99219431b0c8ba06639635.dir
      size: 1504522
      nfiles: 133
    - path: config/climaatmos_progedmf_1m.yml
      hash: md5
      md5: dbfaa1f845ee248689bf738f5266cf6d
      size: 1342
    - path: scripts/run-nsys.sh
      hash: md5
      md5: c83d8939e62284ff1cff8ea8253de4ac
      size: 1692
    outs:
    - path: .calkit/slurm/logs/nsys-baseline.out
      hash: md5
      md5: f479d33bfb6feb8e77e554f13f7e903b
      size: 127437
    - path: results/nsys/baseline.nsys-rep
      hash: md5
      md5: 145d561df2d6276081d1d10c526a10a3
      size: 25021582
    - path: results/nsys/baseline.sqlite
      hash: md5
      md5: 340016235b46eeed0b61f8c9ef82588e
      size: 51908608
  nsys-mod:
    cmd: calkit slurm batch --name nsys-mod --environment clima --dep 
      ClimaAtmos.jl-mod/.buildkite/Manifest-v1.11.toml --dep 
      ClimaAtmos.jl-mod/src --dep config/climaatmos_progedmf_1m.yml --dep 
      ClimaAtmos.jl-mod/perf/benchmark_step.jl --out results/nsys/mod.nsys-rep 
      --out results/nsys/mod.sqlite -s --gpus=1 -s --time=120 -- 
      scripts/run-nsys.sh --output=results/nsys/mod julia 
      --project=ClimaAtmos.jl-mod/.buildkite 
      ClimaAtmos.jl-mod/perf/benchmark_step.jl 
      --config_file=config/climaatmos_progedmf_1m.yml
    deps:
    - path: ClimaAtmos.jl-mod/.buildkite/Manifest-v1.11.toml
      hash: md5
      md5: 9b692a737555e739d3c4f38d6e08d6b8
      size: 111693
    - path: ClimaAtmos.jl-mod/perf/benchmark_step.jl
      hash: md5
      md5: e4e56e0353b6c5130c4e3fc03082c211
      size: 2082
    - path: ClimaAtmos.jl-mod/src
      hash: md5
      md5: b10f3188f520cded67e0d2353ccabca1.dir
      size: 1505734
      nfiles: 133
    - path: config/climaatmos_progedmf_1m.yml
      hash: md5
      md5: dbfaa1f845ee248689bf738f5266cf6d
      size: 1342
    - path: scripts/run-nsys.sh
      hash: md5
      md5: c83d8939e62284ff1cff8ea8253de4ac
      size: 1692
    outs:
    - path: .calkit/slurm/logs/nsys-mod.out
      hash: md5
      md5: afe2910b986844861847110940f36f20
      size: 132649
    - path: results/nsys/mod.nsys-rep
      hash: md5
      md5: 352ea0a1ca2a0a5d885517febcd882ab
      size: 24830397
    - path: results/nsys/mod.sqlite
      hash: md5
      md5: 8753a5bcac06fa94935467ccd9f15e1c
      size: 51449856
  compare-kernels:
    cmd: calkit nb execute --environment py --no-check --to html 
      "notebooks/compare-kernels.ipynb"
    deps:
    - path: .calkit/envs/py/uv.lock
      hash: md5
      md5: 0882eaf66a48e31088a716a1d1bc8aa8
      size: 98212
    - path: .calkit/notebooks/cleaned/notebooks/compare-kernels.ipynb
      hash: md5
      md5: 07a8dd133cb6eafb7c6f52de0246df09
      size: 38763
    - path: results/nsys/baseline.sqlite
      hash: md5
      md5: 340016235b46eeed0b61f8c9ef82588e
      size: 51908608
    - path: results/nsys/mod.sqlite
      hash: md5
      md5: 8753a5bcac06fa94935467ccd9f15e1c
      size: 51449856
    outs:
    - path: .calkit/notebooks/executed/notebooks/compare-kernels.ipynb
      hash: md5
      md5: aedd6b067f397c9d37f20cad2354ae2a
      size: 57378
    - path: .calkit/notebooks/html/notebooks/compare-kernels.html
      hash: md5
      md5: d3de24b5e1a8c599f9ad5723bef8f208
      size: 407783
  amip-baseline:
    cmd: calkit slurm batch --name amip-baseline --environment clima --dep 
      config/climaatmos_progedmf_1m.yml --dep scripts/run_progedmf_1m.jl --dep 
      ClimaAtmos.jl/.buildkite/Manifest-v1.11.toml --dep ClimaAtmos.jl/src -s 
      --gpus=1 -s --time=120 -- scripts/run-julia-script.sh 
      --project=ClimaAtmos.jl/.buildkite scripts/run_progedmf_1m.jl
    deps:
    - path: ClimaAtmos.jl/.buildkite/Manifest-v1.11.toml
      hash: md5
      md5: 9b692a737555e739d3c4f38d6e08d6b8
      size: 111693
    - path: ClimaAtmos.jl/src
      hash: md5
      md5: 97808e245a99219431b0c8ba06639635.dir
      size: 1504522
      nfiles: 133
    - path: config/climaatmos_progedmf_1m.yml
      hash: md5
      md5: dbfaa1f845ee248689bf738f5266cf6d
      size: 1342
    - path: scripts/run-julia-script.sh
      hash: md5
      md5: c982c866ef1cd9cab26d7c5b78a4224b
      size: 560
    - path: scripts/run_progedmf_1m.jl
      hash: md5
      md5: 0a8ef250f4638e4e4567145c2a2deee8
      size: 1493
    outs:
    - path: .calkit/slurm/logs/amip-baseline.out
      hash: md5
      md5: 828830a14a307fca2415f52659016d49
      size: 22389
  amip-mod:
    cmd: calkit slurm batch --name amip-mod --environment clima --dep 
      config/climaatmos_progedmf_1m.yml --dep scripts/run_progedmf_1m.jl --dep 
      ClimaAtmos.jl-mod/.buildkite/Manifest-v1.11.toml --dep 
      ClimaAtmos.jl-mod/src -s --gpus=1 -s --time=120 -- 
      scripts/run-julia-script.sh --project=ClimaAtmos.jl-mod/.buildkite 
      scripts/run_progedmf_1m.jl
    deps:
    - path: ClimaAtmos.jl-mod/.buildkite/Manifest-v1.11.toml
      hash: md5
      md5: 9b692a737555e739d3c4f38d6e08d6b8
      size: 111693
    - path: ClimaAtmos.jl-mod/src
      hash: md5
      md5: b10f3188f520cded67e0d2353ccabca1.dir
      size: 1505734
      nfiles: 133
    - path: config/climaatmos_progedmf_1m.yml
      hash: md5
      md5: dbfaa1f845ee248689bf738f5266cf6d
      size: 1342
    - path: scripts/run-julia-script.sh
      hash: md5
      md5: c982c866ef1cd9cab26d7c5b78a4224b
      size: 560
    - path: scripts/run_progedmf_1m.jl
      hash: md5
      md5: 0a8ef250f4638e4e4567145c2a2deee8
      size: 1493
    outs:
    - path: .calkit/slurm/logs/amip-mod.out
      hash: md5
      md5: 90bd6cd0caccf608d7a303b738a96162
      size: 23524
  analyze-logs:
    cmd: calkit nb execute --environment py --no-check --to html 
      "notebooks/analyze-logs.ipynb"
    deps:
    - path: .calkit/envs/py/uv.lock
      hash: md5
      md5: 0882eaf66a48e31088a716a1d1bc8aa8
      size: 98212
    - path: .calkit/notebooks/cleaned/notebooks/analyze-logs.ipynb
      hash: md5
      md5: 02757473dab04aa9507bdae9b4fbdf6e
      size: 2347
    - path: .calkit/slurm/logs/amip-baseline.out
      hash: md5
      md5: 828830a14a307fca2415f52659016d49
      size: 22389
    - path: .calkit/slurm/logs/amip-mod.out
      hash: md5
      md5: 90bd6cd0caccf608d7a303b738a96162
      size: 23524
    outs:
    - path: .calkit/notebooks/executed/notebooks/analyze-logs.ipynb
      hash: md5
      md5: 8dc413527b7ee571786113c8e0d4ad23
      size: 46776
    - path: .calkit/notebooks/html/notebooks/analyze-logs.html
      hash: md5
      md5: 97d069d2c3b18baacda0e6cb4f24d457
      size: 328179
    - path: figures/sypd-time-series.png
      hash: md5
      md5: c2425f550499af22778fdfe0f86e22a6
      size: 32378
