schema: '2.0'
stages:
  analyze-local-geometry-impact:
    cmd: calkit xenv -n main --no-check -- 
      "scripts/analysis_local_geometry_impact.jl"
    deps:
    - path: .calkit/envs/main/Manifest.toml
      hash: md5
      md5: f053a8db8375d9886430ab4024d9e9eb
      size: 186
    - path: scripts/analysis_local_geometry_impact.jl
      hash: md5
      md5: 8d0e7a6ca5cdece8a8edb38f1bba9c64
      size: 16383
    outs:
    - path: results/analysis_local_geometry_impact.md
      hash: md5
      md5: ccc982384837e89e866fefd11def6c3a
      size: 4351
  benchmark-local-geometry-impact:
    cmd: calkit slurm batch --name benchmark-local-geometry-impact --environment
      clima --dep scripts/benchmark_local_geometry_impact.jl --dep 
      ClimaCore.jl/.buildkite/Manifest.toml --dep ClimaCore.jl/src --dep 
      ClimaCore.jl/ext --out results/benchmark_local_geometry_impact.md -s 
      --gpus=1 -s --time=30 -- scripts/run_benchmark_slurm.sh
    deps:
    - path: ClimaCore.jl/.buildkite/Manifest.toml
      hash: md5
      md5: 20fd144ed1c5d9c03d65fc81f2cacd26
      size: 104332
    - path: ClimaCore.jl/ext
      hash: md5
      md5: 6ac8e4573960baeb9bcce5de9dde65e6.dir
      size: 199576
      nfiles: 25
    - path: ClimaCore.jl/src
      hash: md5
      md5: 28e74e8728bbd5c032e64a54823d2c6e.dir
      size: 1189678
      nfiles: 98
    - path: scripts/benchmark_local_geometry_impact.jl
      hash: md5
      md5: cace692e84955fe1bfe8d85cba9c8f7f
      size: 44703
    - path: scripts/run_benchmark_slurm.sh
      hash: md5
      md5: bae0f1e55c355f6d14b76c5a76d00f02
      size: 1800
      isexec: true
    outs:
    - path: .calkit/slurm/logs/benchmark-local-geometry-impact.out
      hash: md5
      md5: 232d52d92be962ef929dc146d2ba60b7
      size: 21929
    - path: results/benchmark_local_geometry_impact.md
      hash: md5
      md5: 8ea98330cdd061d8c01953fe2a122210
      size: 2879
  amip-mod:
    cmd: calkit slurm batch --name amip-mod --environment clima --dep 
      config/climaatmos_progedmf_1m.yml --dep scripts/run_progedmf_1m.jl --dep 
      ClimaAtmos.jl-mod/.buildkite/Manifest-v1.11.toml --dep 
      ClimaAtmos.jl-mod/src -s --gpus=1 -s --time=120 -- 
      scripts/run-julia-script.sh --project=ClimaAtmos.jl-mod/.buildkite 
      scripts/run_progedmf_1m.jl
    deps:
    - path: ClimaAtmos.jl-mod/.buildkite/Manifest-v1.11.toml
      hash: md5
      md5: a3a7eb4ada5e81cdb629b006f272825b
      size: 117766
    - path: ClimaAtmos.jl-mod/src
      hash: md5
      md5: ac9fd1dd844b13a5d872bafb31b29894.dir
      size: 1443084
      nfiles: 105
    - path: config/climaatmos_progedmf_1m.yml
      hash: md5
      md5: 6b44ef8fd381d2127ee1b668b2e850a7
      size: 1219
    - path: scripts/run-julia-script.sh
      hash: md5
      md5: c982c866ef1cd9cab26d7c5b78a4224b
      size: 560
    - path: scripts/run_progedmf_1m.jl
      hash: md5
      md5: 0a8ef250f4638e4e4567145c2a2deee8
      size: 1493
    outs:
    - path: .calkit/slurm/logs/amip-mod.out
      hash: md5
      md5: 54a52d782ad826cf246638f3feffece5
      size: 19327
  amip-baseline:
    cmd: calkit slurm batch --name amip-baseline --environment clima --dep 
      config/climaatmos_progedmf_1m.yml --dep scripts/run_progedmf_1m.jl --dep 
      ClimaAtmos.jl/.buildkite/Manifest-v1.11.toml --dep ClimaAtmos.jl/src -s 
      --gpus=1 -s --time=120 -- scripts/run-julia-script.sh 
      --project=ClimaAtmos.jl/.buildkite scripts/run_progedmf_1m.jl
    deps:
    - path: ClimaAtmos.jl/.buildkite/Manifest-v1.11.toml
      hash: md5
      md5: cdd22349113d8bf7193fbb2c8083bd71
      size: 117661
    - path: ClimaAtmos.jl/src
      hash: md5
      md5: fd6ac25e8f1fd424c6d8ffbc15e76bd2.dir
      size: 1440679
      nfiles: 105
    - path: config/climaatmos_progedmf_1m.yml
      hash: md5
      md5: 6b44ef8fd381d2127ee1b668b2e850a7
      size: 1219
    - path: scripts/run-julia-script.sh
      hash: md5
      md5: c982c866ef1cd9cab26d7c5b78a4224b
      size: 560
    - path: scripts/run_progedmf_1m.jl
      hash: md5
      md5: 0a8ef250f4638e4e4567145c2a2deee8
      size: 1493
    outs:
    - path: .calkit/slurm/logs/amip-baseline.out
      hash: md5
      md5: 6adecd9b4d4727f3e432b254cb38ac72
      size: 19241
  analyze-logs:
    cmd: calkit nb execute --environment py --no-check --to html 
      "notebooks/analyze-logs.ipynb"
    deps:
    - path: .calkit/envs/py/uv.lock
      hash: md5
      md5: 0882eaf66a48e31088a716a1d1bc8aa8
      size: 98212
    - path: .calkit/notebooks/cleaned/notebooks/analyze-logs.ipynb
      hash: md5
      md5: e49e3f3f48d1bac2c04868ad0dc9946c
      size: 1631
    - path: .calkit/slurm/logs/amip-baseline.out
      hash: md5
      md5: 6adecd9b4d4727f3e432b254cb38ac72
      size: 19241
    - path: .calkit/slurm/logs/amip-mod.out
      hash: md5
      md5: 54a52d782ad826cf246638f3feffece5
      size: 19327
    outs:
    - path: .calkit/notebooks/executed/notebooks/analyze-logs.ipynb
      hash: md5
      md5: 02b8f92b065a1a2b504cba5fadb76520
      size: 46661
    - path: .calkit/notebooks/html/notebooks/analyze-logs.html
      hash: md5
      md5: 3e76b62c3e85236be75548b51d209d44
      size: 325841
    - path: figures/sypd-time-series.png
      hash: md5
      md5: dd796c0d2a67de2988b0f899aa83347d
      size: 32767
  nsys-baseline:
    cmd: calkit slurm batch --name nsys-baseline --environment clima --dep 
      ClimaAtmos.jl/.buildkite/Manifest-v1.11.toml --dep ClimaAtmos.jl/src --dep
      config/climaatmos_progedmf_1m.yml --dep 
      ClimaAtmos.jl/perf/benchmark_step.jl --out results/nsys/baseline.nsys-rep 
      --out results/nsys/baseline.sqlite -s --gpus=1 -s --time=120 -- 
      scripts/run-nsys.sh --output=results/nsys/baseline julia 
      --project=ClimaAtmos.jl/.buildkite ClimaAtmos.jl/perf/benchmark_step.jl 
      --config_file=config/climaatmos_progedmf_1m.yml
    deps:
    - path: ClimaAtmos.jl/.buildkite/Manifest-v1.11.toml
      hash: md5
      md5: cdd22349113d8bf7193fbb2c8083bd71
      size: 117661
    - path: ClimaAtmos.jl/perf/benchmark_step.jl
      hash: md5
      md5: e4e56e0353b6c5130c4e3fc03082c211
      size: 2082
    - path: ClimaAtmos.jl/src
      hash: md5
      md5: fd6ac25e8f1fd424c6d8ffbc15e76bd2.dir
      size: 1440679
      nfiles: 105
    - path: config/climaatmos_progedmf_1m.yml
      hash: md5
      md5: 6b44ef8fd381d2127ee1b668b2e850a7
      size: 1219
    - path: scripts/run-nsys.sh
      hash: md5
      md5: c83d8939e62284ff1cff8ea8253de4ac
      size: 1692
    outs:
    - path: .calkit/slurm/logs/nsys-baseline.out
      hash: md5
      md5: 6fc709f567f00a0266bbcb7c985afb85
      size: 87529
    - path: results/nsys/baseline.nsys-rep
      hash: md5
      md5: 2056aa5a5b5072017cfa4c128214c7d4
      size: 23070257
    - path: results/nsys/baseline.sqlite
      hash: md5
      md5: 683f4bfc0f9ff6eef90f46c2bbfadeea
      size: 47837184
  nsys-mod:
    cmd: calkit slurm batch --name nsys-mod --environment clima --dep 
      ClimaAtmos.jl-mod/.buildkite/Manifest-v1.11.toml --dep 
      ClimaAtmos.jl-mod/src --dep config/climaatmos_progedmf_1m.yml --dep 
      ClimaAtmos.jl-mod/perf/benchmark_step.jl --out results/nsys/mod.nsys-rep 
      --out results/nsys/mod.sqlite -s --gpus=1 -s --time=120 -- 
      scripts/run-nsys.sh --output=results/nsys/mod julia 
      --project=ClimaAtmos.jl-mod/.buildkite 
      ClimaAtmos.jl-mod/perf/benchmark_step.jl 
      --config_file=config/climaatmos_progedmf_1m.yml
    deps:
    - path: ClimaAtmos.jl-mod/.buildkite/Manifest-v1.11.toml
      hash: md5
      md5: a3a7eb4ada5e81cdb629b006f272825b
      size: 117766
    - path: ClimaAtmos.jl-mod/perf/benchmark_step.jl
      hash: md5
      md5: e4e56e0353b6c5130c4e3fc03082c211
      size: 2082
    - path: ClimaAtmos.jl-mod/src
      hash: md5
      md5: ac9fd1dd844b13a5d872bafb31b29894.dir
      size: 1443084
      nfiles: 105
    - path: config/climaatmos_progedmf_1m.yml
      hash: md5
      md5: 6b44ef8fd381d2127ee1b668b2e850a7
      size: 1219
    - path: scripts/run-nsys.sh
      hash: md5
      md5: c83d8939e62284ff1cff8ea8253de4ac
      size: 1692
    outs:
    - path: .calkit/slurm/logs/nsys-mod.out
      hash: md5
      md5: febefa0c2fd0574cfb562a36c2d8d7bd
      size: 246235
    - path: results/nsys/mod.nsys-rep
      hash: md5
      md5: 09780d8006271303e894be777b1bbf03
      size: 23117446
    - path: results/nsys/mod.sqlite
      hash: md5
      md5: 3ee48097ac45a48c4f571b203bb81cdd
      size: 48148480
  compare-kernels:
    cmd: calkit nb execute --environment py --no-check --to html 
      "notebooks/compare-kernels.ipynb"
    deps:
    - path: .calkit/envs/py/uv.lock
      hash: md5
      md5: 0882eaf66a48e31088a716a1d1bc8aa8
      size: 98212
    - path: .calkit/notebooks/cleaned/notebooks/compare-kernels.ipynb
      hash: md5
      md5: 49f2e199134b95353e8311f9ce806257
      size: 27358
    - path: results/nsys/baseline.sqlite
      hash: md5
      md5: 683f4bfc0f9ff6eef90f46c2bbfadeea
      size: 47837184
    - path: results/nsys/mod.sqlite
      hash: md5
      md5: 3ee48097ac45a48c4f571b203bb81cdd
      size: 48148480
    outs:
    - path: .calkit/notebooks/executed/notebooks/compare-kernels.ipynb
      hash: md5
      md5: d8e19c2e37c8c20f67bd1fe9424517c9
      size: 43974
    - path: .calkit/notebooks/html/notebooks/compare-kernels.html
      hash: md5
      md5: db64b5a389b4151a451ba635b73031d9
      size: 369443
  sync-atmos-mod-core:
    cmd: ' bash --noprofile --norc scripts/sync-atmos-mod-core.sh'
    deps:
    - path: ClimaCore.jl/ext
      hash: md5
      md5: 6ac8e4573960baeb9bcce5de9dde65e6.dir
      size: 199576
      nfiles: 25
    - path: ClimaCore.jl/lib
      hash: md5
      md5: 5c8d819896714d4c699a816a70872cef.dir
      size: 316792
      nfiles: 58
    - path: ClimaCore.jl/src
      hash: md5
      md5: 28e74e8728bbd5c032e64a54823d2c6e.dir
      size: 1189678
      nfiles: 98
    - path: scripts/sync-atmos-mod-core.sh
      hash: md5
      md5: 261698988e9ad35362013216a81944d0
      size: 583
      isexec: true
  benchmark-notebook:
    cmd: calkit nb execute --environment clima:main --no-check --to html 
      --srun-option --gpus=1 --srun-option --time=15 
      "notebooks/benchmark-localgeom.ipynb"
    deps:
    - path: .calkit/notebooks/cleaned/notebooks/benchmark-localgeom.ipynb
      hash: md5
      md5: b94a378107d3cb01fd8498fe93f0789e
      size: 72995
    outs:
    - path: .calkit/notebooks/executed/notebooks/benchmark-localgeom.ipynb
      hash: md5
      md5: 4e302cc6d4686d77f9c77ed7886b984c
      size: 122292
    - path: .calkit/notebooks/html/notebooks/benchmark-localgeom.html
      hash: md5
      md5: d1aa305cd10ed31aabf106297d9f79f8
      size: 628438
